
Microsoft Visual Studio Solution File, Format Version 12.00
# Visual Studio Version 16
VisualStudioVersion = 25.0.1706.5
MinimumVisualStudioVersion = 10.0.40219.1
Project("{FAE04EC0-301F-11D3-BF4B-00C04F79EFBC}") = "TaskManagement_API", "TaskManagement_API\TaskManagement_API.csproj", "{0098EA81-2CA4-46EC-A5D5-1B02220A9CD4}"
EndProject
Global
	GlobalSection(SolutionConfigurationPlatforms) = preSolution
		Debug|Any CPU = Debug|Any CPU
		Release|Any CPU = Release|Any CPU
	EndGlobalSection
	GlobalSection(ProjectConfigurationPlatforms) = postSolution
		{0098EA81-2CA4-46EC-A5D5-1B02220A9CD4}.Debug|Any CPU.ActiveCfg = Debug|Any CPU
		{0098EA81-2CA4-46EC-A5D5-1B02220A9CD4}.Debug|Any CPU.Build.0 = Debug|Any CPU
		{0098EA81-2CA4-46EC-A5D5-1B02220A9CD4}.Release|Any CPU.ActiveCfg = Release|Any CPU
		{0098EA81-2CA4-46EC-A5D5-1B02220A9CD4}.Release|Any CPU.Build.0 = Release|Any CPU
	EndGlobalSection
	GlobalSection(SolutionProperties) = preSolution
		HideSolutionNode = FALSE
	EndGlobalSection
	GlobalSection(ExtensibilityGlobals) = postSolution
		SolutionGuid = {A06B49FB-C620-4469-A8AA-125AF94887E0}
	EndGlobalSection
EndGlobal
